
Microsoft Visual Studio Solution File, Format Version 12.00
# Visual Studio Version 17
VisualStudioVersion = 17.10.34916.146
MinimumVisualStudioVersion = 10.0.40219.1
Project("{9A19103F-16F7-4668-BE54-9A1E7A4F7556}") = "WebApp", "WebApp\WebApp.csproj", "{17F56749-EC55-46C7-998A-CA031F02318E}"
EndProject
Project("{FAE04EC0-301F-11D3-BF4B-00C04F79EFBC}") = "CoreBusiness", "CoreBusiness\CoreBusiness.csproj", "{6730A2DF-25B0-426C-AAD4-DD718F441D23}"
EndProject
Project("{FAE04EC0-301F-11D3-BF4B-00C04F79EFBC}") = "UseCases", "UseCases\UseCases.csproj", "{538528AB-1BCD-43F3-9292-9AEA1ED994A6}"
EndProject
Project("{2150E333-8FDC-42A3-9474-1A3956D46DE8}") = "Plugins", "Plugins", "{E5FB00B9-FA5F-413A-B0F6-7E505EC542B8}"
EndProject
Project("{FAE04EC0-301F-11D3-BF4B-00C04F79EFBC}") = "Plugins.DataStore.InMemory", "Plugins\Plugins.DataStore.InMemory\Plugins.DataStore.InMemory.csproj", "{AF5BA8DD-E48A-4A48-B5C3-A91E53116C52}"
EndProject
Project("{FAE04EC0-301F-11D3-BF4B-00C04F79EFBC}") = "Plugins.DataStore.Sql", "Plugins\Plugins.DataStore.Sql\Plugins.DataStore.Sql.csproj", "{A2216CE1-8837-44D9-AF13-6D1F2C2170B8}"
EndProject
Global
	GlobalSection(SolutionConfigurationPlatforms) = preSolution
		Debug|Any CPU = Debug|Any CPU
		Release|Any CPU = Release|Any CPU
	EndGlobalSection
	GlobalSection(ProjectConfigurationPlatforms) = postSolution
		{17F56749-EC55-46C7-998A-CA031F02318E}.Debug|Any CPU.ActiveCfg = Debug|Any CPU
		{17F56749-EC55-46C7-998A-CA031F02318E}.Debug|Any CPU.Build.0 = Debug|Any CPU
		{17F56749-EC55-46C7-998A-CA031F02318E}.Release|Any CPU.ActiveCfg = Release|Any CPU
		{17F56749-EC55-46C7-998A-CA031F02318E}.Release|Any CPU.Build.0 = Release|Any CPU
		{6730A2DF-25B0-426C-AAD4-DD718F441D23}.Debug|Any CPU.ActiveCfg = Debug|Any CPU
		{6730A2DF-25B0-426C-AAD4-DD718F441D23}.Debug|Any CPU.Build.0 = Debug|Any CPU
		{6730A2DF-25B0-426C-AAD4-DD718F441D23}.Release|Any CPU.ActiveCfg = Release|Any CPU
		{6730A2DF-25B0-426C-AAD4-DD718F441D23}.Release|Any CPU.Build.0 = Release|Any CPU
		{538528AB-1BCD-43F3-9292-9AEA1ED994A6}.Debug|Any CPU.ActiveCfg = Debug|Any CPU
		{538528AB-1BCD-43F3-9292-9AEA1ED994A6}.Debug|Any CPU.Build.0 = Debug|Any CPU
		{538528AB-1BCD-43F3-9292-9AEA1ED994A6}.Release|Any CPU.ActiveCfg = Release|Any CPU
		{538528AB-1BCD-43F3-9292-9AEA1ED994A6}.Release|Any CPU.Build.0 = Release|Any CPU
		{AF5BA8DD-E48A-4A48-B5C3-A91E53116C52}.Debug|Any CPU.ActiveCfg = Debug|Any CPU
		{AF5BA8DD-E48A-4A48-B5C3-A91E53116C52}.Debug|Any CPU.Build.0 = Debug|Any CPU
		{AF5BA8DD-E48A-4A48-B5C3-A91E53116C52}.Release|Any CPU.ActiveCfg = Release|Any CPU
		{AF5BA8DD-E48A-4A48-B5C3-A91E53116C52}.Release|Any CPU.Build.0 = Release|Any CPU
		{A2216CE1-8837-44D9-AF13-6D1F2C2170B8}.Debug|Any CPU.ActiveCfg = Debug|Any CPU
		{A2216CE1-8837-44D9-AF13-6D1F2C2170B8}.Debug|Any CPU.Build.0 = Debug|Any CPU
		{A2216CE1-8837-44D9-AF13-6D1F2C2170B8}.Release|Any CPU.ActiveCfg = Release|Any CPU
		{A2216CE1-8837-44D9-AF13-6D1F2C2170B8}.Release|Any CPU.Build.0 = Release|Any CPU
	EndGlobalSection
	GlobalSection(SolutionProperties) = preSolution
		HideSolutionNode = FALSE
	EndGlobalSection
	GlobalSection(NestedProjects) = preSolution
		{AF5BA8DD-E48A-4A48-B5C3-A91E53116C52} = {E5FB00B9-FA5F-413A-B0F6-7E505EC542B8}
		{A2216CE1-8837-44D9-AF13-6D1F2C2170B8} = {E5FB00B9-FA5F-413A-B0F6-7E505EC542B8}
	EndGlobalSection
	GlobalSection(ExtensibilityGlobals) = postSolution
		SolutionGuid = {A8F6C580-93F6-4174-9FC5-31C979319BFC}
	EndGlobalSection
EndGlobal
